
Microsoft Visual Studio Solution File, Format Version 12.00
# Visual Studio Version 17
VisualStudioVersion = 17.9.34616.47
MinimumVisualStudioVersion = 10.0.40219.1
Project("{FAE04EC0-301F-11D3-BF4B-00C04F79EFBC}") = "MvcKutuphane", "MvcKutuphane\MvcKutuphane.csproj", "{DE6AD2EF-6879-4F17-90E9-4A50D2A81618}"
EndProject
Global
	GlobalSection(SolutionConfigurationPlatforms) = preSolution
		Debug|Any CPU = Debug|Any CPU
		Release|Any CPU = Release|Any CPU
	EndGlobalSection
	GlobalSection(ProjectConfigurationPlatforms) = postSolution
		{DE6AD2EF-6879-4F17-90E9-4A50D2A81618}.Debug|Any CPU.ActiveCfg = Debug|Any CPU
		{DE6AD2EF-6879-4F17-90E9-4A50D2A81618}.Debug|Any CPU.Build.0 = Debug|Any CPU
		{DE6AD2EF-6879-4F17-90E9-4A50D2A81618}.Release|Any CPU.ActiveCfg = Release|Any CPU
		{DE6AD2EF-6879-4F17-90E9-4A50D2A81618}.Release|Any CPU.Build.0 = Release|Any CPU
	EndGlobalSection
	GlobalSection(SolutionProperties) = preSolution
		HideSolutionNode = FALSE
	EndGlobalSection
	GlobalSection(ExtensibilityGlobals) = postSolution
		SolutionGuid = {2077C896-637B-4FFB-874B-E446EE374097}
	EndGlobalSection
EndGlobal
